
Microsoft Visual Studio Solution File, Format Version 12.00
# Visual Studio Version 16
VisualStudioVersion = 16.0.31112.23
MinimumVisualStudioVersion = 10.0.40219.1
Project("{FAE04EC0-301F-11D3-BF4B-00C04F79EFBC}") = "Carolina", "Carolina\Carolina.csproj", "{448100EA-EEFD-42B1-A22B-0850DD98F349}"
EndProject
Global
	GlobalSection(SolutionConfigurationPlatforms) = preSolution
		Debug|Any CPU = Debug|Any CPU
		Release|Any CPU = Release|Any CPU
	EndGlobalSection
	GlobalSection(ProjectConfigurationPlatforms) = postSolution
		{448100EA-EEFD-42B1-A22B-0850DD98F349}.Debug|Any CPU.ActiveCfg = Debug|Any CPU
		{448100EA-EEFD-42B1-A22B-0850DD98F349}.Debug|Any CPU.Build.0 = Debug|Any CPU
		{448100EA-EEFD-42B1-A22B-0850DD98F349}.Release|Any CPU.ActiveCfg = Release|Any CPU
		{448100EA-EEFD-42B1-A22B-0850DD98F349}.Release|Any CPU.Build.0 = Release|Any CPU
	EndGlobalSection
	GlobalSection(SolutionProperties) = preSolution
		HideSolutionNode = FALSE
	EndGlobalSection
	GlobalSection(ExtensibilityGlobals) = postSolution
		SolutionGuid = {A54A8888-034B-44DC-ABDD-656F1B970B98}
	EndGlobalSection
EndGlobal
